
Microsoft Visual Studio Solution File, Format Version 12.00
# Visual Studio Version 17
VisualStudioVersion = 17.14.36603.0 d17.14
MinimumVisualStudioVersion = 10.0.40219.1
Project("{FAE04EC0-301F-11D3-BF4B-00C04F79EFBC}") = "Millonario Challenge", "Millonario Challenge\Millonario Challenge.csproj", "{F471E061-9287-4DB0-B250-21AF21B6315E}"
EndProject
Global
	GlobalSection(SolutionConfigurationPlatforms) = preSolution
		Debug|Any CPU = Debug|Any CPU
		Release|Any CPU = Release|Any CPU
	EndGlobalSection
	GlobalSection(ProjectConfigurationPlatforms) = postSolution
		{F471E061-9287-4DB0-B250-21AF21B6315E}.Debug|Any CPU.ActiveCfg = Debug|Any CPU
		{F471E061-9287-4DB0-B250-21AF21B6315E}.Debug|Any CPU.Build.0 = Debug|Any CPU
		{F471E061-9287-4DB0-B250-21AF21B6315E}.Release|Any CPU.ActiveCfg = Release|Any CPU
		{F471E061-9287-4DB0-B250-21AF21B6315E}.Release|Any CPU.Build.0 = Release|Any CPU
	EndGlobalSection
	GlobalSection(SolutionProperties) = preSolution
		HideSolutionNode = FALSE
	EndGlobalSection
	GlobalSection(ExtensibilityGlobals) = postSolution
		SolutionGuid = {B0ABA503-5C97-43CA-B1B9-4E8B75E01924}
	EndGlobalSection
EndGlobal
